
Microsoft Visual Studio Solution File, Format Version 12.00
# Visual Studio 15
VisualStudioVersion = 15.0.27703.2035
MinimumVisualStudioVersion = 10.0.40219.1
Project("{FAE04EC0-301F-11D3-BF4B-00C04F79EFBC}") = "DrawRectForm", "WindowsFormsApp4\DrawRectForm.csproj", "{0E91D3B7-7DEB-4429-AFF1-AB24BC2E532A}"
EndProject
Global
	GlobalSection(SolutionConfigurationPlatforms) = preSolution
		Debug|Any CPU = Debug|Any CPU
		Release|Any CPU = Release|Any CPU
	EndGlobalSection
	GlobalSection(ProjectConfigurationPlatforms) = postSolution
		{0E91D3B7-7DEB-4429-AFF1-AB24BC2E532A}.Debug|Any CPU.ActiveCfg = Debug|Any CPU
		{0E91D3B7-7DEB-4429-AFF1-AB24BC2E532A}.Debug|Any CPU.Build.0 = Debug|Any CPU
		{0E91D3B7-7DEB-4429-AFF1-AB24BC2E532A}.Release|Any CPU.ActiveCfg = Release|Any CPU
		{0E91D3B7-7DEB-4429-AFF1-AB24BC2E532A}.Release|Any CPU.Build.0 = Release|Any CPU
	EndGlobalSection
	GlobalSection(SolutionProperties) = preSolution
		HideSolutionNode = FALSE
	EndGlobalSection
	GlobalSection(ExtensibilityGlobals) = postSolution
		SolutionGuid = {A83EB3A6-A46B-4FF6-BF2A-6844D281C0D7}
	EndGlobalSection
EndGlobal
